<?xml version="1.0" encoding="utf-8"?>
<Project ToolsVersion="4.0" xmlns="http://schemas.microsoft.com/developer/msbuild/2003">
  <ItemGroup>
    <Filter Include="Source Files">
      <UniqueIdentifier>{4FC737F1-C7A5-4376-A066-2A32D752A2FF}</UniqueIdentifier>
      <Extensions>cpp;c;cc;cxx;c++;cppm;ixx;def;odl;idl;hpj;bat;asm;asmx</Extensions>
    </Filter>
    <Filter Include="Header Files">
      <UniqueIdentifier>{93995380-89BD-4b04-88EB-625FBE52EBFB}</UniqueIdentifier>
      <Extensions>h;hh;hpp;hxx;h++;hm;inl;inc;ipp;xsd</Extensions>
    </Filter>
    <Filter Include="Resource Files">
      <UniqueIdentifier>{67DA6AB6-F800-4c08-8B7A-83BB121AAD01}</UniqueIdentifier>
      <Extensions>rc;ico;cur;bmp;dlg;rc2;rct;bin;rgs;gif;jpg;jpeg;jpe;resx;tiff;tif;png;wav;mfcribbon-ms</Extensions>
    </Filter>
  </ItemGroup>
  <ItemGroup>
    <ClCompile Include="dllmain.cpp">
      <Filter>Source Files</Filter>
    </ClCompile>
    <ClCompile Include="versiondll_proxy.cpp">
      <Filter>Source Files</Filter>
    </ClCompile>
    <ClCompile Include="patches.cpp">
      <Filter>Source Files</Filter>
    </ClCompile>
    <ClCompile Include="patch_utils.cpp">
      <Filter>Source Files</Filter>
    </ClCompile>
    <ClCompile Include="patches\hires_timer.cpp">
      <Filter>Source Files</Filter>
    </ClCompile>
  </ItemGroup>
  <ItemGroup>
    <ClInclude Include="patch_utils.h">
      <Filter>Header Files</Filter>
    </ClInclude>
    <ClInclude Include="doukutsu\inventory.h">
      <Filter>Header Files</Filter>
    </ClInclude>
    <ClInclude Include="doukutsu\background.h">
      <Filter>Header Files</Filter>
    </ClInclude>
    <ClInclude Include="doukutsu\weapons.h">
      <Filter>Header Files</Filter>
    </ClInclude>
    <ClInclude Include="doukutsu\types.h">
      <Filter>Header Files</Filter>
    </ClInclude>
    <ClInclude Include="doukutsu\caret.h">
      <Filter>Header Files</Filter>
    </ClInclude>
    <ClInclude Include="doukutsu\config.h">
      <Filter>Header Files</Filter>
    </ClInclude>
    <ClInclude Include="doukutsu\dialog.h">
      <Filter>Header Files</Filter>
    </ClInclude>
    <ClInclude Include="doukutsu\draw.h">
      <Filter>Header Files</Filter>
    </ClInclude>
    <ClInclude Include="doukutsu\credits.h">
      <Filter>Header Files</Filter>
    </ClInclude>
    <ClInclude Include="doukutsu\misc.h">
      <Filter>Header Files</Filter>
    </ClInclude>
    <ClInclude Include="doukutsu\fade.h">
      <Filter>Header Files</Filter>
    </ClInclude>
    <ClInclude Include="doukutsu\flags.h">
      <Filter>Header Files</Filter>
    </ClInclude>
    <ClInclude Include="doukutsu\flash.h">
      <Filter>Header Files</Filter>
    </ClInclude>
    <ClInclude Include="doukutsu\camera.h">
      <Filter>Header Files</Filter>
    </ClInclude>
    <ClInclude Include="doukutsu\window.h">
      <Filter>Header Files</Filter>
    </ClInclude>
    <ClInclude Include="doukutsu\keybinds.h">
      <Filter>Header Files</Filter>
    </ClInclude>
    <ClInclude Include="doukutsu\map.h">
      <Filter>Header Files</Filter>
    </ClInclude>
    <ClInclude Include="doukutsu\player.h">
      <Filter>Header Files</Filter>
    </ClInclude>
    <ClInclude Include="doukutsu\sound.h">
      <Filter>Header Files</Filter>
    </ClInclude>
    <ClInclude Include="doukutsu\organya.h">
      <Filter>Header Files</Filter>
    </ClInclude>
    <ClInclude Include="doukutsu\pixtone.h">
      <Filter>Header Files</Filter>
    </ClInclude>
    <ClInclude Include="doukutsu\profile.h">
      <Filter>Header Files</Filter>
    </ClInclude>
    <ClInclude Include="doukutsu\teleporter.h">
      <Filter>Header Files</Filter>
    </ClInclude>
    <ClInclude Include="doukutsu\audio.h">
      <Filter>Header Files</Filter>
    </ClInclude>
    <ClInclude Include="doukutsu\tsc.h">
      <Filter>Header Files</Filter>
    </ClInclude>
    <ClInclude Include="doukutsu\trig.h">
      <Filter>Header Files</Filter>
    </ClInclude>
    <ClInclude Include="doukutsu\valueview.h">
      <Filter>Header Files</Filter>
    </ClInclude>
    <ClInclude Include="doukutsu\npc.h">
      <Filter>Header Files</Filter>
    </ClInclude>
    <ClInclude Include="doukutsu\npc_table.h">
      <Filter>Header Files</Filter>
    </ClInclude>
    <ClInclude Include="doukutsu\boss.h">
      <Filter>Header Files</Filter>
    </ClInclude>
    <ClInclude Include="doukutsu\npc_ai.h">
      <Filter>Header Files</Filter>
    </ClInclude>
    <ClInclude Include="doukutsu\all.h">
      <Filter>Header Files</Filter>
    </ClInclude>
    <ClInclude Include="patches\hires_timer.h">
      <Filter>Header Files</Filter>
    </ClInclude>
  </ItemGroup>
  <ItemGroup>
    <None Include="exports_msvc.def">
      <Filter>Source Files</Filter>
    </None>
  </ItemGroup>
</Project>